
Microsoft Visual Studio Solution File, Format Version 12.00
# Visual Studio 15
VisualStudioVersion = 15.0.26430.6
MinimumVisualStudioVersion = 10.0.40219.1
Project("{FAE04EC0-301F-11D3-BF4B-00C04F79EFBC}") = "TeduExam", "TeduExam\TeduExam.csproj", "{011AD711-4B79-47DC-9A35-B032F343EB49}"
EndProject
Project("{E53339B2-1760-4266-BCC7-CA923CBCF16C}") = "docker-compose", "docker-compose.dcproj", "{FFBFAA0A-3A9B-473B-90C4-2FF3ADD08815}"
EndProject
Global
	GlobalSection(SolutionConfigurationPlatforms) = preSolution
		Debug|Any CPU = Debug|Any CPU
		Release|Any CPU = Release|Any CPU
	EndGlobalSection
	GlobalSection(ProjectConfigurationPlatforms) = postSolution
		{011AD711-4B79-47DC-9A35-B032F343EB49}.Debug|Any CPU.ActiveCfg = Debug|Any CPU
		{011AD711-4B79-47DC-9A35-B032F343EB49}.Debug|Any CPU.Build.0 = Debug|Any CPU
		{011AD711-4B79-47DC-9A35-B032F343EB49}.Release|Any CPU.ActiveCfg = Release|Any CPU
		{011AD711-4B79-47DC-9A35-B032F343EB49}.Release|Any CPU.Build.0 = Release|Any CPU
		{FFBFAA0A-3A9B-473B-90C4-2FF3ADD08815}.Debug|Any CPU.ActiveCfg = Debug|Any CPU
		{FFBFAA0A-3A9B-473B-90C4-2FF3ADD08815}.Debug|Any CPU.Build.0 = Debug|Any CPU
		{FFBFAA0A-3A9B-473B-90C4-2FF3ADD08815}.Release|Any CPU.ActiveCfg = Release|Any CPU
		{FFBFAA0A-3A9B-473B-90C4-2FF3ADD08815}.Release|Any CPU.Build.0 = Release|Any CPU
	EndGlobalSection
	GlobalSection(SolutionProperties) = preSolution
		HideSolutionNode = FALSE
	EndGlobalSection
EndGlobal
